// !$*UTF8*$!
{
	archiveVersion = 1;
	classes = {
	};
	objectVersion = 50;
	objects = {

/* Begin PBXBuildFile section */
		1EA66CB524709CD1001A317F /* AppDelegate.swift in Sources */ = {isa = PBXBuildFile; fileRef = 1EA66CB424709CD1001A317F /* AppDelegate.swift */; };
		1EA66CB724709CD1001A317F /* SceneDelegate.swift in Sources */ = {isa = PBXBuildFile; fileRef = 1EA66CB624709CD1001A317F /* SceneDelegate.swift */; };
		1EA66CB924709CD1001A317F /* ViewController.swift in Sources */ = {isa = PBXBuildFile; fileRef = 1EA66CB824709CD1001A317F /* ViewController.swift */; };
		1EA66CBC24709CD1001A317F /* Main.storyboard in Resources */ = {isa = PBXBuildFile; fileRef = 1EA66CBA24709CD1001A317F /* Main.storyboard */; };
		1EA66CBF24709CD1001A317F /* iEmotion.xcdatamodeld in Sources */ = {isa = PBXBuildFile; fileRef = 1EA66CBD24709CD1001A317F /* iEmotion.xcdatamodeld */; };
		1EA66CC124709CD5001A317F /* Assets.xcassets in Resources */ = {isa = PBXBuildFile; fileRef = 1EA66CC024709CD5001A317F /* Assets.xcassets */; };
		1EA66CC424709CD5001A317F /* LaunchScreen.storyboard in Resources */ = {isa = PBXBuildFile; fileRef = 1EA66CC224709CD5001A317F /* LaunchScreen.storyboard */; };
/* End PBXBuildFile section */

/* Begin PBXFileReference section */
		1EA66CB124709CD1001A317F /* iEmotion.app */ = {isa = PBXFileReference; explicitFileType = wrapper.application; includeInIndex = 0; path = iEmotion.app; sourceTree = BUILT_PRODUCTS_DIR; };
		1EA66CB424709CD1001A317F /* AppDelegate.swift */ = {isa = PBXFileReference; lastKnownFileType = sourcecode.swift; path = AppDelegate.swift; sourceTree = "<group>"; };
		1EA66CB624709CD1001A317F /* SceneDelegate.swift */ = {isa = PBXFileReference; lastKnownFileType = sourcecode.swift; path = SceneDelegate.swift; sourceTree = "<group>"; };
		1EA66CB824709CD1001A317F /* ViewController.swift */ = {isa = PBXFileReference; lastKnownFileType = sourcecode.swift; path = ViewController.swift; sourceTree = "<group>"; };
		1EA66CBB24709CD1001A317F /* Base */ = {isa = PBXFileReference; lastKnownFileType = file.storyboard; name = Base; path = Base.lproj/Main.storyboard; sourceTree = "<group>"; };
		1EA66CBE24709CD1001A317F /* iEmotion.xcdatamodel */ = {isa = PBXFileReference; lastKnownFileType = wrapper.xcdatamodel; path = iEmotion.xcdatamodel; sourceTree = "<group>"; };
		1EA66CC024709CD5001A317F /* Assets.xcassets */ = {isa = PBXFileReference; lastKnownFileType = folder.assetcatalog; path = Assets.xcassets; sourceTree = "<group>"; };
		1EA66CC324709CD5001A317F /* Base */ = {isa = PBXFileReference; lastKnownFileType = file.storyboard; name = Base; path = Base.lproj/LaunchScreen.storyboard; sourceTree = "<group>"; };
		1EA66CC524709CD5001A317F /* Info.plist */ = {isa = PBXFileReference; lastKnownFileType = text.plist.xml; path = Info.plist; sourceTree = "<group>"; };
/* End PBXFileReference section */

/* Begin PBXFrameworksBuildPhase section */
		1EA66CAE24709CD1001A317F /* Frameworks */ = {
			isa = PBXFrameworksBuildPhase;
			buildActionMask = 2147483647;
			files = (
			);
			runOnlyForDeploymentPostprocessing = 0;
		};
/* End PBXFrameworksBuildPhase section */

/* Begin PBXGroup section */
		1EA66CA824709CD1001A317F = {
			isa = PBXGroup;
			children = (
				1EA66CB324709CD1001A317F /* iEmotion */,
				1EA66CB224709CD1001A317F /* Products */,
			);
			sourceTree = "<group>";
		};
		1EA66CB224709CD1001A317F /* Products */ = {
			isa = PBXGroup;
			children = (
				1EA66CB124709CD1001A317F /* iEmotion.app */,
			);
			name = Products;
			sourceTree = "<group>";
		};
		1EA66CB324709CD1001A317F /* iEmotion */ = {
			isa = PBXGroup;
			children = (
				1EA66CB424709CD1001A317F /* AppDelegate.swift */,
				1EA66CB624709CD1001A317F /* SceneDelegate.swift */,
				1EA66CB824709CD1001A317F /* ViewController.swift */,
				1EA66CBA24709CD1001A317F /* Main.storyboard */,
				1EA66CC024709CD5001A317F /* Assets.xcassets */,
				1EA66CC224709CD5001A317F /* LaunchScreen.storyboard */,
				1EA66CC524709CD5001A317F /* Info.plist */,
				1EA66CBD24709CD1001A317F /* iEmotion.xcdatamodeld */,
			);
			path = iEmotion;
			sourceTree = "<group>";
		};
/* End PBXGroup section */

/* Begin PBXNativeTarget section */
		1EA66CB024709CD1001A317F /* iEmotion */ = {
			isa = PBXNativeTarget;
			buildConfigurationList = 1EA66CC824709CD5001A317F /* Build configuration list for PBXNativeTarget "iEmotion" */;
			buildPhases = (
				1EA66CAD24709CD1001A317F /* Sources */,
				1EA66CAE24709CD1001A317F /* Frameworks */,
				1EA66CAF24709CD1001A317F /* Resources */,
			);
			buildRules = (
			);
			dependencies = (
			);
			name = iEmotion;
			productName = iEmotion;
			productReference = 1EA66CB124709CD1001A317F /* iEmotion.app */;
			productType = "com.apple.product-type.application";
		};
/* End PBXNativeTarget section */

/* Begin PBXProject section */
		1EA66CA924709CD1001A317F /* Project object */ = {
			isa = PBXProject;
			attributes = {
				LastSwiftUpdateCheck = 1130;
				LastUpgradeCheck = 1130;
				ORGANIZATIONNAME = "İsa Diliballı";
				TargetAttributes = {
					1EA66CB024709CD1001A317F = {
						CreatedOnToolsVersion = 11.3;
					};
				};
			};
			buildConfigurationList = 1EA66CAC24709CD1001A317F /* Build configuration list for PBXProject "iEmotion" */;
			compatibilityVersion = "Xcode 9.3";
			developmentRegion = en;
			hasScannedForEncodings = 0;
			knownRegions = (
				en,
				Base,
			);
			mainGroup = 1EA66CA824709CD1001A317F;
			productRefGroup = 1EA66CB224709CD1001A317F /* Products */;
			projectDirPath = "";
			projectRoot = "";
			targets = (
				1EA66CB024709CD1001A317F /* iEmotion */,
			);
		};
/* End PBXProject section */

/* Begin PBXResourcesBuildPhase section */
		1EA66CAF24709CD1001A317F /* Resources */ = {
			isa = PBXResourcesBuildPhase;
			buildActionMask = 2147483647;
			files = (
				1EA66CC424709CD5001A317F /* LaunchScreen.storyboard in Resources */,
				1EA66CC124709CD5001A317F /* Assets.xcassets in Resources */,
				1EA66CBC24709CD1001A317F /* Main.storyboard in Resources */,
			);
			runOnlyForDeploymentPostprocessing = 0;
		};
/* End PBXResourcesBuildPhase section */

/* Begin PBXSourcesBuildPhase section */
		1EA66CAD24709CD1001A317F /* Sources */ = {
			isa = PBXSourcesBuildPhase;
			buildActionMask = 2147483647;
			files = (
				1EA66CB924709CD1001A317F /* ViewController.swift in Sources */,
				1EA66CBF24709CD1001A317F /* iEmotion.xcdatamodeld in Sources */,
				1EA66CB524709CD1001A317F /* AppDelegate.swift in Sources */,
				1EA66CB724709CD1001A317F /* SceneDelegate.swift in Sources */,
			);
			runOnlyForDeploymentPostprocessing = 0;
		};
/* End PBXSourcesBuildPhase section */

/* Begin PBXVariantGroup section */
		1EA66CBA24709CD1001A317F /* Main.storyboard */ = {
			isa = PBXVariantGroup;
			children = (
				1EA66CBB24709CD1001A317F /* Base */,
			);
			name = Main.storyboard;
			sourceTree = "<group>";
		};
		1EA66CC224709CD5001A317F /* LaunchScreen.storyboard */ = {
			isa = PBXVariantGroup;
			children = (
				1EA66CC324709CD5001A317F /* Base */,
			);
			name = LaunchScreen.storyboard;
			sourceTree = "<group>";
		};
/* End PBXVariantGroup section */

/* Begin XCBuildConfiguration section */
		1EA66CC624709CD5001A317F /* Debug */ = {
			isa = XCBuildConfiguration;
			buildSettings = {
				ALWAYS_SEARCH_USER_PATHS = NO;
				CLANG_ANALYZER_NONNULL = YES;
				CLANG_ANALYZER_NUMBER_OBJECT_CONVERSION = YES_AGGRESSIVE;
				CLANG_CXX_LANGUAGE_STANDARD = "gnu++14";
				CLANG_CXX_LIBRARY = "libc++";
				CLANG_ENABLE_MODULES = YES;
				CLANG_ENABLE_OBJC_ARC = YES;
				CLANG_ENABLE_OBJC_WEAK = YES;
				CLANG_WARN_BLOCK_CAPTURE_AUTORELEASING = YES;
				CLANG_WARN_BOOL_CONVERSION = YES;
				CLANG_WARN_COMMA = YES;
				CLANG_WARN_CONSTANT_CONVERSION = YES;
				CLANG_WARN_DEPRECATED_OBJC_IMPLEMENTATIONS = YES;
				CLANG_WARN_DIRECT_OBJC_ISA_USAGE = YES_ERROR;
				CLANG_WARN_DOCUMENTATION_COMMENTS = YES;
				CLANG_WARN_EMPTY_BODY = YES;
				CLANG_WARN_ENUM_CONVERSION = YES;
				CLANG_WARN_INFINITE_RECURSION = YES;
				CLANG_WARN_INT_CONVERSION = YES;
				CLANG_WARN_NON_LITERAL_NULL_CONVERSION = YES;
				CLANG_WARN_OBJC_IMPLICIT_RETAIN_SELF = YES;
				CLANG_WARN_OBJC_LITERAL_CONVERSION = YES;
				CLANG_WARN_OBJC_ROOT_CLASS = YES_ERROR;
				CLANG_WARN_RANGE_LOOP_ANALYSIS = YES;
				CLANG_WARN_STRICT_PROTOTYPES = YES;
				CLANG_WARN_SUSPICIOUS_MOVE = YES;
				CLANG_WARN_UNGUARDED_AVAILABILITY = YES_AGGRESSIVE;
				CLANG_WARN_UNREACHABLE_CODE = YES;
				CLANG_WARN__DUPLICATE_METHOD_MATCH = YES;
				COPY_PHASE_STRIP = NO;
				DEBUG_INFORMATION_FORMAT = dwarf;
				ENABLE_STRICT_OBJC_MSGSEND = YES;
				ENABLE_TESTABILITY = YES;
				GCC_C_LANGUAGE_STANDARD = gnu11;
				GCC_DYNAMIC_NO_PIC = NO;
				GCC_NO_COMMON_BLOCKS = YES;
				GCC_OPTIMIZATION_LEVEL = 0;
				GCC_PREPROCESSOR_DEFINITIONS = (
					"DEBUG=1",
					"$(inherited)",
				);
				GCC_WARN_64_TO_32_BIT_CONVERSION = YES;
				GCC_WARN_ABOUT_RETURN_TYPE = YES_ERROR;
				GCC_WARN_UNDECLARED_SELECTOR = YES;
				GCC_WARN_UNINITIALIZED_AUTOS = YES_AGGRESSIVE;
				GCC_WARN_UNUSED_FUNCTION = YES;
				GCC_WARN_UNUSED_VARIABLE = YES;
				IPHONEOS_DEPLOYMENT_TARGET = 13.2;
				MTL_ENABLE_DEBUG_INFO = INCLUDE_SOURCE;
				MTL_FAST_MATH = YES;
				ONLY_ACTIVE_ARCH = YES;
				SDKROOT = iphoneos;
				SWIFT_ACTIVE_COMPILATION_CONDITIONS = DEBUG;
				SWIFT_OPTIMIZATION_LEVEL = "-Onone";
			};
			name = Debug;
		};
		1EA66CC724709CD5001A317F /* Release */ = {
			isa = XCBuildConfiguration;
			buildSettings = {
				ALWAYS_SEARCH_USER_PATHS = NO;
				CLANG_ANALYZER_NONNULL = YES;
				CLANG_ANALYZER_NUMBER_OBJECT_CONVERSION = YES_AGGRESSIVE;
				CLANG_CXX_LANGUAGE_STANDARD = "gnu++14";
				CLANG_CXX_LIBRARY = "libc++";
				CLANG_ENABLE_MODULES = YES;
				CLANG_ENABLE_OBJC_ARC = YES;
				CLANG_ENABLE_OBJC_WEAK = YES;
				CLANG_WARN_BLOCK_CAPTURE_AUTORELEASING = YES;
				CLANG_WARN_BOOL_CONVERSION = YES;
				CLANG_WARN_COMMA = YES;
				CLANG_WARN_CONSTANT_CONVERSION = YES;
				CLANG_WARN_DEPRECATED_OBJC_IMPLEMENTATIONS = YES;
				CLANG_WARN_DIRECT_OBJC_ISA_USAGE = YES_ERROR;
				CLANG_WARN_DOCUMENTATION_COMMENTS = YES;
				CLANG_WARN_EMPTY_BODY = YES;
				CLANG_WARN_ENUM_CONVERSION = YES;
				CLANG_WARN_INFINITE_RECURSION = YES;
				CLANG_WARN_INT_CONVERSION = YES;
				CLANG_WARN_NON_LITERAL_NULL_CONVERSION = YES;
				CLANG_WARN_OBJC_IMPLICIT_RETAIN_SELF = YES;
				CLANG_WARN_OBJC_LITERAL_CONVERSION = YES;
				CLANG_WARN_OBJC_ROOT_CLASS = YES_ERROR;
				CLANG_WARN_RANGE_LOOP_ANALYSIS = YES;
				CLANG_WARN_STRICT_PROTOTYPES = YES;
				CLANG_WARN_SUSPICIOUS_MOVE = YES;
				CLANG_WARN_UNGUARDED_AVAILABILITY = YES_AGGRESSIVE;
				CLANG_WARN_UNREACHABLE_CODE = YES;
				CLANG_WARN__DUPLICATE_METHOD_MATCH = YES;
				COPY_PHASE_STRIP = NO;
				DEBUG_INFORMATION_FORMAT = "dwarf-with-dsym";
				ENABLE_NS_ASSERTIONS = NO;
				ENABLE_STRICT_OBJC_MSGSEND = YES;
				GCC_C_LANGUAGE_STANDARD = gnu11;
				GCC_NO_COMMON_BLOCKS = YES;
				GCC_WARN_64_TO_32_BIT_CONVERSION = YES;
				GCC_WARN_ABOUT_RETURN_TYPE = YES_ERROR;
				GCC_WARN_UNDECLARED_SELECTOR = YES;
				GCC_WARN_UNINITIALIZED_AUTOS = YES_AGGRESSIVE;
				GCC_WARN_UNUSED_FUNCTION = YES;
				GCC_WARN_UNUSED_VARIABLE = YES;
				IPHONEOS_DEPLOYMENT_TARGET = 13.2;
				MTL_ENABLE_DEBUG_INFO = NO;
				MTL_FAST_MATH = YES;
				SDKROOT = iphoneos;
				SWIFT_COMPILATION_MODE = wholemodule;
				SWIFT_OPTIMIZATION_LEVEL = "-O";
				VALIDATE_PRODUCT = YES;
			};
			name = Release;
		};
		1EA66CC924709CD5001A317F /* Debug */ = {
			isa = XCBuildConfiguration;
			buildSettings = {
				ASSETCATALOG_COMPILER_APPICON_NAME = AppIcon;
				CODE_SIGN_STYLE = Automatic;
				DEVELOPMENT_TEAM = 4Q3BR6HQNK;
				INFOPLIST_FILE = iEmotion/Info.plist;
				LD_RUNPATH_SEARCH_PATHS = (
					"$(inherited)",
					"@executable_path/Frameworks",
				);
				PRODUCT_BUNDLE_IDENTIFIER = isadiliballi.iEmotion;
				PRODUCT_NAME = "$(TARGET_NAME)";
				SWIFT_VERSION = 5.0;
				TARGETED_DEVICE_FAMILY = "1,2";
			};
			name = Debug;
		};
		1EA66CCA24709CD5001A317F /* Release */ = {
			isa = XCBuildConfiguration;
			buildSettings = {
				ASSETCATALOG_COMPILER_APPICON_NAME = AppIcon;
				CODE_SIGN_STYLE = Automatic;
				DEVELOPMENT_TEAM = 4Q3BR6HQNK;
				INFOPLIST_FILE = iEmotion/Info.plist;
				LD_RUNPATH_SEARCH_PATHS = (
					"$(inherited)",
					"@executable_path/Frameworks",
				);
				PRODUCT_BUNDLE_IDENTIFIER = isadiliballi.iEmotion;
				PRODUCT_NAME = "$(TARGET_NAME)";
				SWIFT_VERSION = 5.0;
				TARGETED_DEVICE_FAMILY = "1,2";
			};
			name = Release;
		};
/* End XCBuildConfiguration section */

/* Begin XCConfigurationList section */
		1EA66CAC24709CD1001A317F /* Build configuration list for PBXProject "iEmotion" */ = {
			isa = XCConfigurationList;
			buildConfigurations = (
				1EA66CC624709CD5001A317F /* Debug */,
				1EA66CC724709CD5001A317F /* Release */,
			);
			defaultConfigurationIsVisible = 0;
			defaultConfigurationName = Release;
		};
		1EA66CC824709CD5001A317F /* Build configuration list for PBXNativeTarget "iEmotion" */ = {
			isa = XCConfigurationList;
			buildConfigurations = (
				1EA66CC924709CD5001A317F /* Debug */,
				1EA66CCA24709CD5001A317F /* Release */,
			);
			defaultConfigurationIsVisible = 0;
			defaultConfigurationName = Release;
		};
/* End XCConfigurationList section */

/* Begin XCVersionGroup section */
		1EA66CBD24709CD1001A317F /* iEmotion.xcdatamodeld */ = {
			isa = XCVersionGroup;
			children = (
				1EA66CBE24709CD1001A317F /* iEmotion.xcdatamodel */,
			);
			currentVersion = 1EA66CBE24709CD1001A317F /* iEmotion.xcdatamodel */;
			path = iEmotion.xcdatamodeld;
			sourceTree = "<group>";
			versionGroupType = wrapper.xcdatamodel;
		};
/* End XCVersionGroup section */
	};
	rootObject = 1EA66CA924709CD1001A317F /* Project object */;
}
